
Microsoft Visual Studio Solution File, Format Version 12.00
# Visual Studio Version 17
VisualStudioVersion = 17.6.33829.357
MinimumVisualStudioVersion = 10.0.40219.1
Project("{FAE04EC0-301F-11D3-BF4B-00C04F79EFBC}") = "FrmBasicThread", "FrmBasicThread\FrmBasicThread.csproj", "{27737969-B4D8-4DD2-96E4-98FB4F7CDA73}"
EndProject
Global
	GlobalSection(SolutionConfigurationPlatforms) = preSolution
		Debug|Any CPU = Debug|Any CPU
		Release|Any CPU = Release|Any CPU
	EndGlobalSection
	GlobalSection(ProjectConfigurationPlatforms) = postSolution
		{27737969-B4D8-4DD2-96E4-98FB4F7CDA73}.Debug|Any CPU.ActiveCfg = Debug|Any CPU
		{27737969-B4D8-4DD2-96E4-98FB4F7CDA73}.Debug|Any CPU.Build.0 = Debug|Any CPU
		{27737969-B4D8-4DD2-96E4-98FB4F7CDA73}.Release|Any CPU.ActiveCfg = Release|Any CPU
		{27737969-B4D8-4DD2-96E4-98FB4F7CDA73}.Release|Any CPU.Build.0 = Release|Any CPU
	EndGlobalSection
	GlobalSection(SolutionProperties) = preSolution
		HideSolutionNode = FALSE
	EndGlobalSection
	GlobalSection(ExtensibilityGlobals) = postSolution
		SolutionGuid = {AB476A5A-45AF-4A3D-85AB-6290E574B0C9}
	EndGlobalSection
EndGlobal
